
Microsoft Visual Studio Solution File, Format Version 12.00
# Visual Studio 15
VisualStudioVersion = 15.0.26730.10
MinimumVisualStudioVersion = 10.0.40219.1
Project("{FAE04EC0-301F-11D3-BF4B-00C04F79EFBC}") = "C4MLAI", "C4MLAI.csproj", "{36EB7BBF-9877-4C3B-911C-8423895CF241}"
EndProject
Global
	GlobalSection(SolutionConfigurationPlatforms) = preSolution
		Debug|Any CPU = Debug|Any CPU
		Release|Any CPU = Release|Any CPU
	EndGlobalSection
	GlobalSection(ProjectConfigurationPlatforms) = postSolution
		{36EB7BBF-9877-4C3B-911C-8423895CF241}.Debug|Any CPU.ActiveCfg = Debug|Any CPU
		{36EB7BBF-9877-4C3B-911C-8423895CF241}.Debug|Any CPU.Build.0 = Debug|Any CPU
		{36EB7BBF-9877-4C3B-911C-8423895CF241}.Release|Any CPU.ActiveCfg = Release|Any CPU
		{36EB7BBF-9877-4C3B-911C-8423895CF241}.Release|Any CPU.Build.0 = Release|Any CPU
	EndGlobalSection
	GlobalSection(SolutionProperties) = preSolution
		HideSolutionNode = FALSE
	EndGlobalSection
	GlobalSection(ExtensibilityGlobals) = postSolution
		SolutionGuid = {B5342D3C-E663-4811-A607-0B8A5F34EB38}
	EndGlobalSection
EndGlobal
